
Microsoft Visual Studio Solution File, Format Version 12.00
# Visual Studio 15
VisualStudioVersion = 15.0.27130.2027
MinimumVisualStudioVersion = 10.0.40219.1
Project("{FAE04EC0-301F-11D3-BF4B-00C04F79EFBC}") = "TrailerSearch", "TrailerSearch\TrailerSearch.csproj", "{A6AAD8E2-675F-44BC-860B-A13E3D8F5FFF}"
EndProject
Global
	GlobalSection(SolutionConfigurationPlatforms) = preSolution
		Debug|Any CPU = Debug|Any CPU
		Release|Any CPU = Release|Any CPU
	EndGlobalSection
	GlobalSection(ProjectConfigurationPlatforms) = postSolution
		{A6AAD8E2-675F-44BC-860B-A13E3D8F5FFF}.Debug|Any CPU.ActiveCfg = Debug|Any CPU
		{A6AAD8E2-675F-44BC-860B-A13E3D8F5FFF}.Debug|Any CPU.Build.0 = Debug|Any CPU
		{A6AAD8E2-675F-44BC-860B-A13E3D8F5FFF}.Release|Any CPU.ActiveCfg = Release|Any CPU
		{A6AAD8E2-675F-44BC-860B-A13E3D8F5FFF}.Release|Any CPU.Build.0 = Release|Any CPU
	EndGlobalSection
	GlobalSection(SolutionProperties) = preSolution
		HideSolutionNode = FALSE
	EndGlobalSection
	GlobalSection(ExtensibilityGlobals) = postSolution
		SolutionGuid = {4DB45F5C-B941-4389-A9F2-BCF85AA08337}
	EndGlobalSection
EndGlobal
